
Microsoft Visual Studio Solution File, Format Version 12.00
# Visual Studio 15
VisualStudioVersion = 15.0.28307.136
MinimumVisualStudioVersion = 10.0.40219.1
Project("{888888A0-9F3D-457C-B088-3A5042F75D52}") = "HSV-CV-PEN", "HSV-CV-PEN.pyproj", "{80FD6766-B5C2-4799-A92F-B32BED175CE2}"
EndProject
Global
	GlobalSection(SolutionConfigurationPlatforms) = preSolution
		Debug|Any CPU = Debug|Any CPU
		Release|Any CPU = Release|Any CPU
	EndGlobalSection
	GlobalSection(ProjectConfigurationPlatforms) = postSolution
		{80FD6766-B5C2-4799-A92F-B32BED175CE2}.Debug|Any CPU.ActiveCfg = Debug|Any CPU
		{80FD6766-B5C2-4799-A92F-B32BED175CE2}.Release|Any CPU.ActiveCfg = Release|Any CPU
	EndGlobalSection
	GlobalSection(SolutionProperties) = preSolution
		HideSolutionNode = FALSE
	EndGlobalSection
	GlobalSection(ExtensibilityGlobals) = postSolution
		SolutionGuid = {E13FFB3A-FEC3-437E-8B7B-25CE5808A9ED}
	EndGlobalSection
EndGlobal
